
Microsoft Visual Studio Solution File, Format Version 12.00
Project("{2150E333-8FDC-42A3-9474-1A3956D46DE8}") = "DataProviders", "DataProviders", "{B39C352F-3317-44EB-9814-909B31E6FD6B}"
EndProject
Project("{2150E333-8FDC-42A3-9474-1A3956D46DE8}") = "Domain", "Domain", "{BEE65913-5D74-4B25-A3FF-6CC79C4EA7B1}"
EndProject
Project("{2150E333-8FDC-42A3-9474-1A3956D46DE8}") = "EntryPoints", "EntryPoints", "{519D4712-21F4-47AE-A935-89B7A04C7D19}"
EndProject
Project("{2150E333-8FDC-42A3-9474-1A3956D46DE8}") = "UnitTests", "UnitTests", "{E3C333F5-E67E-4AAE-9FEE-B756B55E2F96}"
EndProject
Project("{FAE04EC0-301F-11D3-BF4B-00C04F79EFBC}") = "UniversiteDomain", "UniversiteDomain\UniversiteDomain.csproj", "{64E132F5-CFBA-49DC-BF92-213B9E5100FF}"
EndProject
Project("{FAE04EC0-301F-11D3-BF4B-00C04F79EFBC}") = "UniversiteDomaineUnitTest", "UniversiteDomaineUnitTest\UniversiteDomaineUnitTest.csproj", "{40F30174-F829-4415-8D74-1A0E9AE161D3}"
EndProject
Global
	GlobalSection(SolutionConfigurationPlatforms) = preSolution
		Debug|Any CPU = Debug|Any CPU
		Release|Any CPU = Release|Any CPU
	EndGlobalSection
	GlobalSection(NestedProjects) = preSolution
		{64E132F5-CFBA-49DC-BF92-213B9E5100FF} = {BEE65913-5D74-4B25-A3FF-6CC79C4EA7B1}
		{40F30174-F829-4415-8D74-1A0E9AE161D3} = {E3C333F5-E67E-4AAE-9FEE-B756B55E2F96}
	EndGlobalSection
	GlobalSection(ProjectConfigurationPlatforms) = postSolution
		{64E132F5-CFBA-49DC-BF92-213B9E5100FF}.Debug|Any CPU.ActiveCfg = Debug|Any CPU
		{64E132F5-CFBA-49DC-BF92-213B9E5100FF}.Debug|Any CPU.Build.0 = Debug|Any CPU
		{64E132F5-CFBA-49DC-BF92-213B9E5100FF}.Release|Any CPU.ActiveCfg = Release|Any CPU
		{64E132F5-CFBA-49DC-BF92-213B9E5100FF}.Release|Any CPU.Build.0 = Release|Any CPU
		{40F30174-F829-4415-8D74-1A0E9AE161D3}.Debug|Any CPU.ActiveCfg = Debug|Any CPU
		{40F30174-F829-4415-8D74-1A0E9AE161D3}.Debug|Any CPU.Build.0 = Debug|Any CPU
		{40F30174-F829-4415-8D74-1A0E9AE161D3}.Release|Any CPU.ActiveCfg = Release|Any CPU
		{40F30174-F829-4415-8D74-1A0E9AE161D3}.Release|Any CPU.Build.0 = Release|Any CPU
	EndGlobalSection
EndGlobal
